Microsoft Visual Studio Solution File, Format Version 12.00
# Visual Studio Version 17
VisualStudioVersion = 17.5.2.0
MinimumVisualStudioVersion = 10.0.40219.1
Project("{FAE04EC0-301F-11D3-BF4B-00C04F79EFBC}") = "CSuiteViewWPF", "CSuiteViewWPF.csproj", "{5B20AF64-435A-1568-3AA0-B83CB306BA7C}"
EndProject
Global
	GlobalSection(SolutionConfigurationPlatforms) = preSolution
		Debug|Any CPU = Debug|Any CPU
		Release|Any CPU = Release|Any CPU
	EndGlobalSection
	GlobalSection(ProjectConfigurationPlatforms) = postSolution
		{5B20AF64-435A-1568-3AA0-B83CB306BA7C}.Debug|Any CPU.ActiveCfg = Debug|Any CPU
		{5B20AF64-435A-1568-3AA0-B83CB306BA7C}.Debug|Any CPU.Build.0 = Debug|Any CPU
		{5B20AF64-435A-1568-3AA0-B83CB306BA7C}.Release|Any CPU.ActiveCfg = Release|Any CPU
		{5B20AF64-435A-1568-3AA0-B83CB306BA7C}.Release|Any CPU.Build.0 = Release|Any CPU
	EndGlobalSection
	GlobalSection(SolutionProperties) = preSolution
		HideSolutionNode = FALSE
	EndGlobalSection
	GlobalSection(ExtensibilityGlobals) = postSolution
		SolutionGuid = {D8F7CB7B-3679-4E1D-854A-5B04C4E6D5F0}
	EndGlobalSection
EndGlobal
